
Microsoft Visual Studio Solution File, Format Version 12.00
# Visual Studio 2013
VisualStudioVersion = 12.0.30723.0
MinimumVisualStudioVersion = 10.0.40219.1
Project("{2150E333-8FDC-42A3-9474-1A3956D46DE8}") = "MultiTimer", "MultiTimer", "{820E4ACA-EF1E-4872-8F96-DF68114F51A1}"
EndProject
Project("{D954291E-2A0B-460D-934E-DC6B0785DB48}") = "MultiTimer.Shared", "MultiTimer\MultiTimer.Shared\MultiTimer.Shared.shproj", "{5AB933C5-2BCB-46B5-8173-4871D9D35A85}"
EndProject
Project("{FAE04EC0-301F-11D3-BF4B-00C04F79EFBC}") = "MultiTimer.Windows", "MultiTimer\MultiTimer.Windows\MultiTimer.Windows.csproj", "{B3C97F84-EA17-4348-845E-FA1FBC526357}"
EndProject
Project("{FAE04EC0-301F-11D3-BF4B-00C04F79EFBC}") = "MultiTimer.WindowsPhone", "MultiTimer\MultiTimer.WindowsPhone\MultiTimer.WindowsPhone.csproj", "{A1997464-8C74-44BE-9E73-B3E5D76E08DE}"
EndProject
Global
	GlobalSection(SharedMSBuildProjectFiles) = preSolution
		MultiTimer\MultiTimer.Shared\MultiTimer.Shared.projitems*{a1997464-8c74-44be-9e73-b3e5d76e08de}*SharedItemsImports = 4
		MultiTimer\MultiTimer.Shared\MultiTimer.Shared.projitems*{b3c97f84-ea17-4348-845e-fa1fbc526357}*SharedItemsImports = 4
		MultiTimer\MultiTimer.Shared\MultiTimer.Shared.projitems*{5ab933c5-2bcb-46b5-8173-4871d9d35a85}*SharedItemsImports = 13
	EndGlobalSection
	GlobalSection(SolutionConfigurationPlatforms) = preSolution
		Debug|Any CPU = Debug|Any CPU
		Debug|ARM = Debug|ARM
		Debug|x64 = Debug|x64
		Debug|x86 = Debug|x86
		Release|Any CPU = Release|Any CPU
		Release|ARM = Release|ARM
		Release|x64 = Release|x64
		Release|x86 = Release|x86
	EndGlobalSection
	GlobalSection(ProjectConfigurationPlatforms) = postSolution
		{B3C97F84-EA17-4348-845E-FA1FBC526357}.Debug|Any CPU.ActiveCfg = Debug|Any CPU
		{B3C97F84-EA17-4348-845E-FA1FBC526357}.Debug|Any CPU.Build.0 = Debug|Any CPU
		{B3C97F84-EA17-4348-845E-FA1FBC526357}.Debug|Any CPU.Deploy.0 = Debug|Any CPU
		{B3C97F84-EA17-4348-845E-FA1FBC526357}.Debug|ARM.ActiveCfg = Debug|ARM
		{B3C97F84-EA17-4348-845E-FA1FBC526357}.Debug|ARM.Build.0 = Debug|ARM
		{B3C97F84-EA17-4348-845E-FA1FBC526357}.Debug|ARM.Deploy.0 = Debug|ARM
		{B3C97F84-EA17-4348-845E-FA1FBC526357}.Debug|x64.ActiveCfg = Debug|x64
		{B3C97F84-EA17-4348-845E-FA1FBC526357}.Debug|x64.Build.0 = Debug|x64
		{B3C97F84-EA17-4348-845E-FA1FBC526357}.Debug|x64.Deploy.0 = Debug|x64
		{B3C97F84-EA17-4348-845E-FA1FBC526357}.Debug|x86.ActiveCfg = Debug|x86
		{B3C97F84-EA17-4348-845E-FA1FBC526357}.Debug|x86.Build.0 = Debug|x86
		{B3C97F84-EA17-4348-845E-FA1FBC526357}.Debug|x86.Deploy.0 = Debug|x86
		{B3C97F84-EA17-4348-845E-FA1FBC526357}.Release|Any CPU.ActiveCfg = Release|Any CPU
		{B3C97F84-EA17-4348-845E-FA1FBC526357}.Release|Any CPU.Build.0 = Release|Any CPU
		{B3C97F84-EA17-4348-845E-FA1FBC526357}.Release|Any CPU.Deploy.0 = Release|Any CPU
		{B3C97F84-EA17-4348-845E-FA1FBC526357}.Release|ARM.ActiveCfg = Release|ARM
		{B3C97F84-EA17-4348-845E-FA1FBC526357}.Release|ARM.Build.0 = Release|ARM
		{B3C97F84-EA17-4348-845E-FA1FBC526357}.Release|ARM.Deploy.0 = Release|ARM
		{B3C97F84-EA17-4348-845E-FA1FBC526357}.Release|x64.ActiveCfg = Release|x64
		{B3C97F84-EA17-4348-845E-FA1FBC526357}.Release|x64.Build.0 = Release|x64
		{B3C97F84-EA17-4348-845E-FA1FBC526357}.Release|x64.Deploy.0 = Release|x64
		{B3C97F84-EA17-4348-845E-FA1FBC526357}.Release|x86.ActiveCfg = Release|x86
		{B3C97F84-EA17-4348-845E-FA1FBC526357}.Release|x86.Build.0 = Release|x86
		{B3C97F84-EA17-4348-845E-FA1FBC526357}.Release|x86.Deploy.0 = Release|x86
		{A1997464-8C74-44BE-9E73-B3E5D76E08DE}.Debug|Any CPU.ActiveCfg = Debug|Any CPU
		{A1997464-8C74-44BE-9E73-B3E5D76E08DE}.Debug|Any CPU.Build.0 = Debug|Any CPU
		{A1997464-8C74-44BE-9E73-B3E5D76E08DE}.Debug|Any CPU.Deploy.0 = Debug|Any CPU
		{A1997464-8C74-44BE-9E73-B3E5D76E08DE}.Debug|ARM.ActiveCfg = Debug|ARM
		{A1997464-8C74-44BE-9E73-B3E5D76E08DE}.Debug|ARM.Build.0 = Debug|ARM
		{A1997464-8C74-44BE-9E73-B3E5D76E08DE}.Debug|ARM.Deploy.0 = Debug|ARM
		{A1997464-8C74-44BE-9E73-B3E5D76E08DE}.Debug|x64.ActiveCfg = Debug|Any CPU
		{A1997464-8C74-44BE-9E73-B3E5D76E08DE}.Debug|x86.ActiveCfg = Debug|x86
		{A1997464-8C74-44BE-9E73-B3E5D76E08DE}.Debug|x86.Build.0 = Debug|x86
		{A1997464-8C74-44BE-9E73-B3E5D76E08DE}.Debug|x86.Deploy.0 = Debug|x86
		{A1997464-8C74-44BE-9E73-B3E5D76E08DE}.Release|Any CPU.ActiveCfg = Release|Any CPU
		{A1997464-8C74-44BE-9E73-B3E5D76E08DE}.Release|Any CPU.Build.0 = Release|Any CPU
		{A1997464-8C74-44BE-9E73-B3E5D76E08DE}.Release|Any CPU.Deploy.0 = Release|Any CPU
		{A1997464-8C74-44BE-9E73-B3E5D76E08DE}.Release|ARM.ActiveCfg = Release|ARM
		{A1997464-8C74-44BE-9E73-B3E5D76E08DE}.Release|ARM.Build.0 = Release|ARM
		{A1997464-8C74-44BE-9E73-B3E5D76E08DE}.Release|ARM.Deploy.0 = Release|ARM
		{A1997464-8C74-44BE-9E73-B3E5D76E08DE}.Release|x64.ActiveCfg = Release|Any CPU
		{A1997464-8C74-44BE-9E73-B3E5D76E08DE}.Release|x86.ActiveCfg = Release|x86
		{A1997464-8C74-44BE-9E73-B3E5D76E08DE}.Release|x86.Build.0 = Release|x86
		{A1997464-8C74-44BE-9E73-B3E5D76E08DE}.Release|x86.Deploy.0 = Release|x86
	EndGlobalSection
	GlobalSection(SolutionProperties) = preSolution
		HideSolutionNode = FALSE
	EndGlobalSection
	GlobalSection(NestedProjects) = preSolution
		{5AB933C5-2BCB-46B5-8173-4871D9D35A85} = {820E4ACA-EF1E-4872-8F96-DF68114F51A1}
		{B3C97F84-EA17-4348-845E-FA1FBC526357} = {820E4ACA-EF1E-4872-8F96-DF68114F51A1}
		{A1997464-8C74-44BE-9E73-B3E5D76E08DE} = {820E4ACA-EF1E-4872-8F96-DF68114F51A1}
	EndGlobalSection
EndGlobal
